
Microsoft Visual Studio Solution File, Format Version 12.00
# Visual Studio 15
VisualStudioVersion = 15.0.26730.15
MinimumVisualStudioVersion = 10.0.40219.1
Project("{FAE04EC0-301F-11D3-BF4B-00C04F79EFBC}") = "HUGradesGetter", "GradesGetter\HUGradesGetter.csproj", "{058300D3-7AC5-40A0-AC3E-414C11877627}"
EndProject
Global
	GlobalSection(SolutionConfigurationPlatforms) = preSolution
		Debug|Any CPU = Debug|Any CPU
		Release|Any CPU = Release|Any CPU
	EndGlobalSection
	GlobalSection(ProjectConfigurationPlatforms) = postSolution
		{058300D3-7AC5-40A0-AC3E-414C11877627}.Debug|Any CPU.ActiveCfg = Debug|Any CPU
		{058300D3-7AC5-40A0-AC3E-414C11877627}.Debug|Any CPU.Build.0 = Debug|Any CPU
		{058300D3-7AC5-40A0-AC3E-414C11877627}.Release|Any CPU.ActiveCfg = Release|Any CPU
		{058300D3-7AC5-40A0-AC3E-414C11877627}.Release|Any CPU.Build.0 = Release|Any CPU
	EndGlobalSection
	GlobalSection(SolutionProperties) = preSolution
		HideSolutionNode = FALSE
	EndGlobalSection
	GlobalSection(ExtensibilityGlobals) = postSolution
		SolutionGuid = {4E3593AE-A44A-4BCC-88C2-EE1AA2C55C61}
	EndGlobalSection
EndGlobal
